
Microsoft Visual Studio Solution File, Format Version 12.00
# Visual Studio Version 16
VisualStudioVersion = 16.0.31229.390
MinimumVisualStudioVersion = 10.0.40219.1
Project("{9A19103F-16F7-4668-BE54-9A1E7A4F7556}") = "PrimeWeb1", "PrimeWeb1\PrimeWeb1.csproj", "{DDCDD9FE-AB7D-4458-A597-8980C1F56038}"
EndProject
Project("{9A19103F-16F7-4668-BE54-9A1E7A4F7556}") = "PrimeWeb1.UnitTests", "PrimeWeb1.UnitTests\PrimeWeb1.UnitTests.csproj", "{50336EDA-A50D-43BA-95FE-26AC1D2EB2D4}"
EndProject
Project("{FAE04EC0-301F-11D3-BF4B-00C04F79EFBC}") = "PrimeWeb1.IntegrationTests", "PrimeWeb1.IntegrationTests\PrimeWeb1.IntegrationTests.csproj", "{6D1B2FE0-77FF-44E6-8666-C2CF8EA8F5B8}"
EndProject
Global
	GlobalSection(SolutionConfigurationPlatforms) = preSolution
		Debug|Any CPU = Debug|Any CPU
		Release|Any CPU = Release|Any CPU
	EndGlobalSection
	GlobalSection(ProjectConfigurationPlatforms) = postSolution
		{DDCDD9FE-AB7D-4458-A597-8980C1F56038}.Debug|Any CPU.ActiveCfg = Debug|Any CPU
		{DDCDD9FE-AB7D-4458-A597-8980C1F56038}.Debug|Any CPU.Build.0 = Debug|Any CPU
		{DDCDD9FE-AB7D-4458-A597-8980C1F56038}.Release|Any CPU.ActiveCfg = Release|Any CPU
		{DDCDD9FE-AB7D-4458-A597-8980C1F56038}.Release|Any CPU.Build.0 = Release|Any CPU
		{50336EDA-A50D-43BA-95FE-26AC1D2EB2D4}.Debug|Any CPU.ActiveCfg = Debug|Any CPU
		{50336EDA-A50D-43BA-95FE-26AC1D2EB2D4}.Debug|Any CPU.Build.0 = Debug|Any CPU
		{50336EDA-A50D-43BA-95FE-26AC1D2EB2D4}.Release|Any CPU.ActiveCfg = Release|Any CPU
		{50336EDA-A50D-43BA-95FE-26AC1D2EB2D4}.Release|Any CPU.Build.0 = Release|Any CPU
		{6D1B2FE0-77FF-44E6-8666-C2CF8EA8F5B8}.Debug|Any CPU.ActiveCfg = Debug|Any CPU
		{6D1B2FE0-77FF-44E6-8666-C2CF8EA8F5B8}.Debug|Any CPU.Build.0 = Debug|Any CPU
		{6D1B2FE0-77FF-44E6-8666-C2CF8EA8F5B8}.Release|Any CPU.ActiveCfg = Release|Any CPU
		{6D1B2FE0-77FF-44E6-8666-C2CF8EA8F5B8}.Release|Any CPU.Build.0 = Release|Any CPU
	EndGlobalSection
	GlobalSection(SolutionProperties) = preSolution
		HideSolutionNode = FALSE
	EndGlobalSection
	GlobalSection(ExtensibilityGlobals) = postSolution
		SolutionGuid = {341AAF45-D8F8-41D1-B8EA-E9698D453803}
	EndGlobalSection
EndGlobal
